
Microsoft Visual Studio Solution File, Format Version 12.00
# Visual Studio Version 16
VisualStudioVersion = 16.0.30330.147
MinimumVisualStudioVersion = 10.0.40219.1
Project("{9A19103F-16F7-4668-BE54-9A1E7A4F7556}") = "MarsRover", "MarsRover\MarsRover.csproj", "{B9FAECEE-4D63-4F40-949F-CD5D35BE8CFC}"
EndProject
Project("{9A19103F-16F7-4668-BE54-9A1E7A4F7556}") = "MarsRover.Test", "MarsRover.Test\MarsRover.Test.csproj", "{DAF015E8-7F3D-4CAA-AEC5-1534F5DC49C0}"
EndProject
Project("{FAE04EC0-301F-11D3-BF4B-00C04F79EFBC}") = "MarsRover.Domain", "MarsRover.Domain\MarsRover.Domain.csproj", "{FAF7D235-87AA-4BA5-9CF9-4138920C7124}"
EndProject
Project("{FAE04EC0-301F-11D3-BF4B-00C04F79EFBC}") = "MarsRover.Application", "MarsRover.Application\MarsRover.Application.csproj", "{924D3610-BD94-4FB3-B33B-D8C88940BD7B}"
EndProject
Project("{FAE04EC0-301F-11D3-BF4B-00C04F79EFBC}") = "MarsRover.Infrastructure", "MarsRover.Infrastructure\MarsRover.Infrastructure.csproj", "{45FEBE35-8B38-48F1-A230-F070CF6438EF}"
EndProject
Project("{FAE04EC0-301F-11D3-BF4B-00C04F79EFBC}") = "MarsRover.Common", "MarsRover.Common\MarsRover.Common.csproj", "{4BD0650F-6FF5-4117-B84A-7BD64872C35F}"
EndProject
Global
	GlobalSection(SolutionConfigurationPlatforms) = preSolution
		Debug|Any CPU = Debug|Any CPU
		Release|Any CPU = Release|Any CPU
	EndGlobalSection
	GlobalSection(ProjectConfigurationPlatforms) = postSolution
		{B9FAECEE-4D63-4F40-949F-CD5D35BE8CFC}.Debug|Any CPU.ActiveCfg = Debug|Any CPU
		{B9FAECEE-4D63-4F40-949F-CD5D35BE8CFC}.Debug|Any CPU.Build.0 = Debug|Any CPU
		{B9FAECEE-4D63-4F40-949F-CD5D35BE8CFC}.Release|Any CPU.ActiveCfg = Release|Any CPU
		{B9FAECEE-4D63-4F40-949F-CD5D35BE8CFC}.Release|Any CPU.Build.0 = Release|Any CPU
		{DAF015E8-7F3D-4CAA-AEC5-1534F5DC49C0}.Debug|Any CPU.ActiveCfg = Debug|Any CPU
		{DAF015E8-7F3D-4CAA-AEC5-1534F5DC49C0}.Debug|Any CPU.Build.0 = Debug|Any CPU
		{DAF015E8-7F3D-4CAA-AEC5-1534F5DC49C0}.Release|Any CPU.ActiveCfg = Release|Any CPU
		{DAF015E8-7F3D-4CAA-AEC5-1534F5DC49C0}.Release|Any CPU.Build.0 = Release|Any CPU
		{FAF7D235-87AA-4BA5-9CF9-4138920C7124}.Debug|Any CPU.ActiveCfg = Debug|Any CPU
		{FAF7D235-87AA-4BA5-9CF9-4138920C7124}.Debug|Any CPU.Build.0 = Debug|Any CPU
		{FAF7D235-87AA-4BA5-9CF9-4138920C7124}.Release|Any CPU.ActiveCfg = Release|Any CPU
		{FAF7D235-87AA-4BA5-9CF9-4138920C7124}.Release|Any CPU.Build.0 = Release|Any CPU
		{924D3610-BD94-4FB3-B33B-D8C88940BD7B}.Debug|Any CPU.ActiveCfg = Debug|Any CPU
		{924D3610-BD94-4FB3-B33B-D8C88940BD7B}.Debug|Any CPU.Build.0 = Debug|Any CPU
		{924D3610-BD94-4FB3-B33B-D8C88940BD7B}.Release|Any CPU.ActiveCfg = Release|Any CPU
		{924D3610-BD94-4FB3-B33B-D8C88940BD7B}.Release|Any CPU.Build.0 = Release|Any CPU
		{45FEBE35-8B38-48F1-A230-F070CF6438EF}.Debug|Any CPU.ActiveCfg = Debug|Any CPU
		{45FEBE35-8B38-48F1-A230-F070CF6438EF}.Debug|Any CPU.Build.0 = Debug|Any CPU
		{45FEBE35-8B38-48F1-A230-F070CF6438EF}.Release|Any CPU.ActiveCfg = Release|Any CPU
		{45FEBE35-8B38-48F1-A230-F070CF6438EF}.Release|Any CPU.Build.0 = Release|Any CPU
		{4BD0650F-6FF5-4117-B84A-7BD64872C35F}.Debug|Any CPU.ActiveCfg = Debug|Any CPU
		{4BD0650F-6FF5-4117-B84A-7BD64872C35F}.Debug|Any CPU.Build.0 = Debug|Any CPU
		{4BD0650F-6FF5-4117-B84A-7BD64872C35F}.Release|Any CPU.ActiveCfg = Release|Any CPU
		{4BD0650F-6FF5-4117-B84A-7BD64872C35F}.Release|Any CPU.Build.0 = Release|Any CPU
	EndGlobalSection
	GlobalSection(SolutionProperties) = preSolution
		HideSolutionNode = FALSE
	EndGlobalSection
	GlobalSection(ExtensibilityGlobals) = postSolution
		SolutionGuid = {BE289F0E-5CCF-45C0-861B-B5371E062D91}
	EndGlobalSection
EndGlobal
